// !$*UTF8*$!
{
	archiveVersion = 1;
	classes = {
	};
	objectVersion = 46;
	objects = {

/* Begin PBXBuildFile section */
		82EA18DC1A8AC332001BD367 /* main.m in Sources */ = {isa = PBXBuildFile; fileRef = 82EA18DB1A8AC332001BD367 /* main.m */; };
		82EA18DF1A8AC332001BD367 /* AppDelegate.m in Sources */ = {isa = PBXBuildFile; fileRef = 82EA18DE1A8AC332001BD367 /* AppDelegate.m */; };
		82EA18E21A8AC332001BD367 /* ViewController.m in Sources */ = {isa = PBXBuildFile; fileRef = 82EA18E11A8AC332001BD367 /* ViewController.m */; };
		82EA18E51A8AC332001BD367 /* Main.storyboard in Resources */ = {isa = PBXBuildFile; fileRef = 82EA18E31A8AC332001BD367 /* Main.storyboard */; };
		82EA18E71A8AC332001BD367 /* Images.xcassets in Resources */ = {isa = PBXBuildFile; fileRef = 82EA18E61A8AC332001BD367 /* Images.xcassets */; };
		82EA18EA1A8AC332001BD367 /* LaunchScreen.xib in Resources */ = {isa = PBXBuildFile; fileRef = 82EA18E81A8AC332001BD367 /* LaunchScreen.xib */; };
		82EA18F61A8AC332001BD367 /* rollingDotsTests.m in Sources */ = {isa = PBXBuildFile; fileRef = 82EA18F51A8AC332001BD367 /* rollingDotsTests.m */; };
/* End PBXBuildFile section */

/* Begin PBXContainerItemProxy section */
		82EA18F01A8AC332001BD367 /* PBXContainerItemProxy */ = {
			isa = PBXContainerItemProxy;
			containerPortal = 82EA18CE1A8AC331001BD367 /* Project object */;
			proxyType = 1;
			remoteGlobalIDString = 82EA18D51A8AC332001BD367;
			remoteInfo = rollingDots;
		};
/* End PBXContainerItemProxy section */

/* Begin PBXFileReference section */
		82EA18D61A8AC332001BD367 /* rollingDots.app */ = {isa = PBXFileReference; explicitFileType = wrapper.application; includeInIndex = 0; path = rollingDots.app; sourceTree = BUILT_PRODUCTS_DIR; };
		82EA18DA1A8AC332001BD367 /* Info.plist */ = {isa = PBXFileReference; lastKnownFileType = text.plist.xml; path = Info.plist; sourceTree = "<group>"; };
		82EA18DB1A8AC332001BD367 /* main.m */ = {isa = PBXFileReference; lastKnownFileType = sourcecode.c.objc; path = main.m; sourceTree = "<group>"; };
		82EA18DD1A8AC332001BD367 /* AppDelegate.h */ = {isa = PBXFileReference; lastKnownFileType = sourcecode.c.h; path = AppDelegate.h; sourceTree = "<group>"; };
		82EA18DE1A8AC332001BD367 /* AppDelegate.m */ = {isa = PBXFileReference; lastKnownFileType = sourcecode.c.objc; path = AppDelegate.m; sourceTree = "<group>"; };
		82EA18E01A8AC332001BD367 /* ViewController.h */ = {isa = PBXFileReference; lastKnownFileType = sourcecode.c.h; path = ViewController.h; sourceTree = "<group>"; };
		82EA18E11A8AC332001BD367 /* ViewController.m */ = {isa = PBXFileReference; lastKnownFileType = sourcecode.c.objc; path = ViewController.m; sourceTree = "<group>"; };
		82EA18E41A8AC332001BD367 /* Base */ = {isa = PBXFileReference; lastKnownFileType = file.storyboard; name = Base; path = Base.lproj/Main.storyboard; sourceTree = "<group>"; };
		82EA18E61A8AC332001BD367 /* Images.xcassets */ = {isa = PBXFileReference; lastKnownFileType = folder.assetcatalog; path = Images.xcassets; sourceTree = "<group>"; };
		82EA18E91A8AC332001BD367 /* Base */ = {isa = PBXFileReference; lastKnownFileType = file.xib; name = Base; path = Base.lproj/LaunchScreen.xib; sourceTree = "<group>"; };
		82EA18EF1A8AC332001BD367 /* rollingDotsTests.xctest */ = {isa = PBXFileReference; explicitFileType = wrapper.cfbundle; includeInIndex = 0; path = rollingDotsTests.xctest; sourceTree = BUILT_PRODUCTS_DIR; };
		82EA18F41A8AC332001BD367 /* Info.plist */ = {isa = PBXFileReference; lastKnownFileType = text.plist.xml; path = Info.plist; sourceTree = "<group>"; };
		82EA18F51A8AC332001BD367 /* rollingDotsTests.m */ = {isa = PBXFileReference; lastKnownFileType = sourcecode.c.objc; path = rollingDotsTests.m; sourceTree = "<group>"; };
		82EA19021A8AD2C5001BD367 /* dotView.h */ = {isa = PBXFileReference; fileEncoding = 4; lastKnownFileType = sourcecode.c.h; path = dotView.h; sourceTree = "<group>"; };
/* End PBXFileReference section */

/* Begin PBXFrameworksBuildPhase section */
		82EA18D31A8AC332001BD367 /* Frameworks */ = {
			isa = PBXFrameworksBuildPhase;
			buildActionMask = 2147483647;
			files = (
			);
			runOnlyForDeploymentPostprocessing = 0;
		};
		82EA18EC1A8AC332001BD367 /* Frameworks */ = {
			isa = PBXFrameworksBuildPhase;
			buildActionMask = 2147483647;
			files = (
			);
			runOnlyForDeploymentPostprocessing = 0;
		};
/* End PBXFrameworksBuildPhase section */

/* Begin PBXGroup section */
		82EA18CD1A8AC331001BD367 = {
			isa = PBXGroup;
			children = (
				82EA19021A8AD2C5001BD367 /* dotView.h */,
				82EA18D81A8AC332001BD367 /* rollingDots */,
				82EA18F21A8AC332001BD367 /* rollingDotsTests */,
				82EA18D71A8AC332001BD367 /* Products */,
			);
			sourceTree = "<group>";
		};
		82EA18D71A8AC332001BD367 /* Products */ = {
			isa = PBXGroup;
			children = (
				82EA18D61A8AC332001BD367 /* rollingDots.app */,
				82EA18EF1A8AC332001BD367 /* rollingDotsTests.xctest */,
			);
			name = Products;
			sourceTree = "<group>";
		};
		82EA18D81A8AC332001BD367 /* rollingDots */ = {
			isa = PBXGroup;
			children = (
				82EA18DD1A8AC332001BD367 /* AppDelegate.h */,
				82EA18DE1A8AC332001BD367 /* AppDelegate.m */,
				82EA18E01A8AC332001BD367 /* ViewController.h */,
				82EA18E11A8AC332001BD367 /* ViewController.m */,
				82EA18E31A8AC332001BD367 /* Main.storyboard */,
				82EA18E61A8AC332001BD367 /* Images.xcassets */,
				82EA18E81A8AC332001BD367 /* LaunchScreen.xib */,
				82EA18D91A8AC332001BD367 /* Supporting Files */,
			);
			path = rollingDots;
			sourceTree = "<group>";
		};
		82EA18D91A8AC332001BD367 /* Supporting Files */ = {
			isa = PBXGroup;
			children = (
				82EA18DA1A8AC332001BD367 /* Info.plist */,
				82EA18DB1A8AC332001BD367 /* main.m */,
			);
			name = "Supporting Files";
			sourceTree = "<group>";
		};
		82EA18F21A8AC332001BD367 /* rollingDotsTests */ = {
			isa = PBXGroup;
			children = (
				82EA18F51A8AC332001BD367 /* rollingDotsTests.m */,
				82EA18F31A8AC332001BD367 /* Supporting Files */,
			);
			path = rollingDotsTests;
			sourceTree = "<group>";
		};
		82EA18F31A8AC332001BD367 /* Supporting Files */ = {
			isa = PBXGroup;
			children = (
				82EA18F41A8AC332001BD367 /* Info.plist */,
			);
			name = "Supporting Files";
			sourceTree = "<group>";
		};
/* End PBXGroup section */

/* Begin PBXNativeTarget section */
		82EA18D51A8AC332001BD367 /* rollingDots */ = {
			isa = PBXNativeTarget;
			buildConfigurationList = 82EA18F91A8AC332001BD367 /* Build configuration list for PBXNativeTarget "rollingDots" */;
			buildPhases = (
				82EA18D21A8AC332001BD367 /* Sources */,
				82EA18D31A8AC332001BD367 /* Frameworks */,
				82EA18D41A8AC332001BD367 /* Resources */,
			);
			buildRules = (
			);
			dependencies = (
			);
			name = rollingDots;
			productName = rollingDots;
			productReference = 82EA18D61A8AC332001BD367 /* rollingDots.app */;
			productType = "com.apple.product-type.application";
		};
		82EA18EE1A8AC332001BD367 /* rollingDotsTests */ = {
			isa = PBXNativeTarget;
			buildConfigurationList = 82EA18FC1A8AC332001BD367 /* Build configuration list for PBXNativeTarget "rollingDotsTests" */;
			buildPhases = (
				82EA18EB1A8AC332001BD367 /* Sources */,
				82EA18EC1A8AC332001BD367 /* Frameworks */,
				82EA18ED1A8AC332001BD367 /* Resources */,
			);
			buildRules = (
			);
			dependencies = (
				82EA18F11A8AC332001BD367 /* PBXTargetDependency */,
			);
			name = rollingDotsTests;
			productName = rollingDotsTests;
			productReference = 82EA18EF1A8AC332001BD367 /* rollingDotsTests.xctest */;
			productType = "com.apple.product-type.bundle.unit-test";
		};
/* End PBXNativeTarget section */

/* Begin PBXProject section */
		82EA18CE1A8AC331001BD367 /* Project object */ = {
			isa = PBXProject;
			attributes = {
				LastUpgradeCheck = 0610;
				ORGANIZATIONNAME = Avi;
				TargetAttributes = {
					82EA18D51A8AC332001BD367 = {
						CreatedOnToolsVersion = 6.1.1;
					};
					82EA18EE1A8AC332001BD367 = {
						CreatedOnToolsVersion = 6.1.1;
						TestTargetID = 82EA18D51A8AC332001BD367;
					};
				};
			};
			buildConfigurationList = 82EA18D11A8AC331001BD367 /* Build configuration list for PBXProject "rollingDots" */;
			compatibilityVersion = "Xcode 3.2";
			developmentRegion = English;
			hasScannedForEncodings = 0;
			knownRegions = (
				en,
				Base,
			);
			mainGroup = 82EA18CD1A8AC331001BD367;
			productRefGroup = 82EA18D71A8AC332001BD367 /* Products */;
			projectDirPath = "";
			projectRoot = "";
			targets = (
				82EA18D51A8AC332001BD367 /* rollingDots */,
				82EA18EE1A8AC332001BD367 /* rollingDotsTests */,
			);
		};
/* End PBXProject section */

/* Begin PBXResourcesBuildPhase section */
		82EA18D41A8AC332001BD367 /* Resources */ = {
			isa = PBXResourcesBuildPhase;
			buildActionMask = 2147483647;
			files = (
				82EA18E51A8AC332001BD367 /* Main.storyboard in Resources */,
				82EA18EA1A8AC332001BD367 /* LaunchScreen.xib in Resources */,
				82EA18E71A8AC332001BD367 /* Images.xcassets in Resources */,
			);
			runOnlyForDeploymentPostprocessing = 0;
		};
		82EA18ED1A8AC332001BD367 /* Resources */ = {
			isa = PBXResourcesBuildPhase;
			buildActionMask = 2147483647;
			files = (
			);
			runOnlyForDeploymentPostprocessing = 0;
		};
/* End PBXResourcesBuildPhase section */

/* Begin PBXSourcesBuildPhase section */
		82EA18D21A8AC332001BD367 /* Sources */ = {
			isa = PBXSourcesBuildPhase;
			buildActionMask = 2147483647;
			files = (
				82EA18E21A8AC332001BD367 /* ViewController.m in Sources */,
				82EA18DF1A8AC332001BD367 /* AppDelegate.m in Sources */,
				82EA18DC1A8AC332001BD367 /* main.m in Sources */,
			);
			runOnlyForDeploymentPostprocessing = 0;
		};
		82EA18EB1A8AC332001BD367 /* Sources */ = {
			isa = PBXSourcesBuildPhase;
			buildActionMask = 2147483647;
			files = (
				82EA18F61A8AC332001BD367 /* rollingDotsTests.m in Sources */,
			);
			runOnlyForDeploymentPostprocessing = 0;
		};
/* End PBXSourcesBuildPhase section */

/* Begin PBXTargetDependency section */
		82EA18F11A8AC332001BD367 /* PBXTargetDependency */ = {
			isa = PBXTargetDependency;
			target = 82EA18D51A8AC332001BD367 /* rollingDots */;
			targetProxy = 82EA18F01A8AC332001BD367 /* PBXContainerItemProxy */;
		};
/* End PBXTargetDependency section */

/* Begin PBXVariantGroup section */
		82EA18E31A8AC332001BD367 /* Main.storyboard */ = {
			isa = PBXVariantGroup;
			children = (
				82EA18E41A8AC332001BD367 /* Base */,
			);
			name = Main.storyboard;
			sourceTree = "<group>";
		};
		82EA18E81A8AC332001BD367 /* LaunchScreen.xib */ = {
			isa = PBXVariantGroup;
			children = (
				82EA18E91A8AC332001BD367 /* Base */,
			);
			name = LaunchScreen.xib;
			sourceTree = "<group>";
		};
/* End PBXVariantGroup section */

/* Begin XCBuildConfiguration section */
		82EA18F71A8AC332001BD367 /* Debug */ = {
			isa = XCBuildConfiguration;
			buildSettings = {
				ALWAYS_SEARCH_USER_PATHS = NO;
				CLANG_CXX_LANGUAGE_STANDARD = "gnu++0x";
				CLANG_CXX_LIBRARY = "libc++";
				CLANG_ENABLE_MODULES = YES;
				CLANG_ENABLE_OBJC_ARC = YES;
				CLANG_WARN_BOOL_CONVERSION = YES;
				CLANG_WARN_CONSTANT_CONVERSION = YES;
				CLANG_WARN_DIRECT_OBJC_ISA_USAGE = YES_ERROR;
				CLANG_WARN_EMPTY_BODY = YES;
				CLANG_WARN_ENUM_CONVERSION = YES;
				CLANG_WARN_INT_CONVERSION = YES;
				CLANG_WARN_OBJC_ROOT_CLASS = YES_ERROR;
				CLANG_WARN_UNREACHABLE_CODE = YES;
				CLANG_WARN__DUPLICATE_METHOD_MATCH = YES;
				"CODE_SIGN_IDENTITY[sdk=iphoneos*]" = "iPhone Developer";
				COPY_PHASE_STRIP = NO;
				ENABLE_STRICT_OBJC_MSGSEND = YES;
				GCC_C_LANGUAGE_STANDARD = gnu99;
				GCC_DYNAMIC_NO_PIC = NO;
				GCC_OPTIMIZATION_LEVEL = 0;
				GCC_PREPROCESSOR_DEFINITIONS = (
					"DEBUG=1",
					"$(inherited)",
				);
				GCC_SYMBOLS_PRIVATE_EXTERN = NO;
				GCC_WARN_64_TO_32_BIT_CONVERSION = YES;
				GCC_WARN_ABOUT_RETURN_TYPE = YES_ERROR;
				GCC_WARN_UNDECLARED_SELECTOR = YES;
				GCC_WARN_UNINITIALIZED_AUTOS = YES_AGGRESSIVE;
				GCC_WARN_UNUSED_FUNCTION = YES;
				GCC_WARN_UNUSED_VARIABLE = YES;
				IPHONEOS_DEPLOYMENT_TARGET = 8.1;
				MTL_ENABLE_DEBUG_INFO = YES;
				ONLY_ACTIVE_ARCH = YES;
				SDKROOT = iphoneos;
				TARGETED_DEVICE_FAMILY = "1,2";
			};
			name = Debug;
		};
		82EA18F81A8AC332001BD367 /* Release */ = {
			isa = XCBuildConfiguration;
			buildSettings = {
				ALWAYS_SEARCH_USER_PATHS = NO;
				CLANG_CXX_LANGUAGE_STANDARD = "gnu++0x";
				CLANG_CXX_LIBRARY = "libc++";
				CLANG_ENABLE_MODULES = YES;
				CLANG_ENABLE_OBJC_ARC = YES;
				CLANG_WARN_BOOL_CONVERSION = YES;
				CLANG_WARN_CONSTANT_CONVERSION = YES;
				CLANG_WARN_DIRECT_OBJC_ISA_USAGE = YES_ERROR;
				CLANG_WARN_EMPTY_BODY = YES;
				CLANG_WARN_ENUM_CONVERSION = YES;
				CLANG_WARN_INT_CONVERSION = YES;
				CLANG_WARN_OBJC_ROOT_CLASS = YES_ERROR;
				CLANG_WARN_UNREACHABLE_CODE = YES;
				CLANG_WARN__DUPLICATE_METHOD_MATCH = YES;
				"CODE_SIGN_IDENTITY[sdk=iphoneos*]" = "iPhone Developer";
				COPY_PHASE_STRIP = YES;
				ENABLE_NS_ASSERTIONS = NO;
				ENABLE_STRICT_OBJC_MSGSEND = YES;
				GCC_C_LANGUAGE_STANDARD = gnu99;
				GCC_WARN_64_TO_32_BIT_CONVERSION = YES;
				GCC_WARN_ABOUT_RETURN_TYPE = YES_ERROR;
				GCC_WARN_UNDECLARED_SELECTOR = YES;
				GCC_WARN_UNINITIALIZED_AUTOS = YES_AGGRESSIVE;
				GCC_WARN_UNUSED_FUNCTION = YES;
				GCC_WARN_UNUSED_VARIABLE = YES;
				IPHONEOS_DEPLOYMENT_TARGET = 8.1;
				MTL_ENABLE_DEBUG_INFO = NO;
				SDKROOT = iphoneos;
				TARGETED_DEVICE_FAMILY = "1,2";
				VALIDATE_PRODUCT = YES;
			};
			name = Release;
		};
		82EA18FA1A8AC332001BD367 /* Debug */ = {
			isa = XCBuildConfiguration;
			buildSettings = {
				ASSETCATALOG_COMPILER_APPICON_NAME = AppIcon;
				INFOPLIST_FILE = rollingDots/Info.plist;
				LD_RUNPATH_SEARCH_PATHS = "$(inherited) @executable_path/Frameworks";
				PRODUCT_NAME = "$(TARGET_NAME)";
			};
			name = Debug;
		};
		82EA18FB1A8AC332001BD367 /* Release */ = {
			isa = XCBuildConfiguration;
			buildSettings = {
				ASSETCATALOG_COMPILER_APPICON_NAME = AppIcon;
				INFOPLIST_FILE = rollingDots/Info.plist;
				LD_RUNPATH_SEARCH_PATHS = "$(inherited) @executable_path/Frameworks";
				PRODUCT_NAME = "$(TARGET_NAME)";
			};
			name = Release;
		};
		82EA18FD1A8AC332001BD367 /* Debug */ = {
			isa = XCBuildConfiguration;
			buildSettings = {
				BUNDLE_LOADER = "$(TEST_HOST)";
				FRAMEWORK_SEARCH_PATHS = (
					"$(SDKROOT)/Developer/Library/Frameworks",
					"$(inherited)",
				);
				GCC_PREPROCESSOR_DEFINITIONS = (
					"DEBUG=1",
					"$(inherited)",
				);
				INFOPLIST_FILE = rollingDotsTests/Info.plist;
				LD_RUNPATH_SEARCH_PATHS = "$(inherited) @executable_path/Frameworks @loader_path/Frameworks";
				PRODUCT_NAME = "$(TARGET_NAME)";
				TEST_HOST = "$(BUILT_PRODUCTS_DIR)/rollingDots.app/rollingDots";
			};
			name = Debug;
		};
		82EA18FE1A8AC332001BD367 /* Release */ = {
			isa = XCBuildConfiguration;
			buildSettings = {
				BUNDLE_LOADER = "$(TEST_HOST)";
				FRAMEWORK_SEARCH_PATHS = (
					"$(SDKROOT)/Developer/Library/Frameworks",
					"$(inherited)",
				);
				INFOPLIST_FILE = rollingDotsTests/Info.plist;
				LD_RUNPATH_SEARCH_PATHS = "$(inherited) @executable_path/Frameworks @loader_path/Frameworks";
				PRODUCT_NAME = "$(TARGET_NAME)";
				TEST_HOST = "$(BUILT_PRODUCTS_DIR)/rollingDots.app/rollingDots";
			};
			name = Release;
		};
/* End XCBuildConfiguration section */

/* Begin XCConfigurationList section */
		82EA18D11A8AC331001BD367 /* Build configuration list for PBXProject "rollingDots" */ = {
			isa = XCConfigurationList;
			buildConfigurations = (
				82EA18F71A8AC332001BD367 /* Debug */,
				82EA18F81A8AC332001BD367 /* Release */,
			);
			defaultConfigurationIsVisible = 0;
			defaultConfigurationName = Release;
		};
		82EA18F91A8AC332001BD367 /* Build configuration list for PBXNativeTarget "rollingDots" */ = {
			isa = XCConfigurationList;
			buildConfigurations = (
				82EA18FA1A8AC332001BD367 /* Debug */,
				82EA18FB1A8AC332001BD367 /* Release */,
			);
			defaultConfigurationIsVisible = 0;
		};
		82EA18FC1A8AC332001BD367 /* Build configuration list for PBXNativeTarget "rollingDotsTests" */ = {
			isa = XCConfigurationList;
			buildConfigurations = (
				82EA18FD1A8AC332001BD367 /* Debug */,
				82EA18FE1A8AC332001BD367 /* Release */,
			);
			defaultConfigurationIsVisible = 0;
		};
/* End XCConfigurationList section */
	};
	rootObject = 82EA18CE1A8AC331001BD367 /* Project object */;
}
